
Microsoft Visual Studio Solution File, Format Version 12.00
# Visual Studio 15
VisualStudioVersion = 15.0.27428.2015
MinimumVisualStudioVersion = 10.0.40219.1
Project("{FAE04EC0-301F-11D3-BF4B-00C04F79EFBC}") = "Ej0029", "Ej0029\Ej0029.csproj", "{842EED02-EED2-4C28-B28B-C1F34AA9FA32}"
EndProject
Global
	GlobalSection(SolutionConfigurationPlatforms) = preSolution
		Debug|Any CPU = Debug|Any CPU
		Release|Any CPU = Release|Any CPU
	EndGlobalSection
	GlobalSection(ProjectConfigurationPlatforms) = postSolution
		{842EED02-EED2-4C28-B28B-C1F34AA9FA32}.Debug|Any CPU.ActiveCfg = Debug|Any CPU
		{842EED02-EED2-4C28-B28B-C1F34AA9FA32}.Debug|Any CPU.Build.0 = Debug|Any CPU
		{842EED02-EED2-4C28-B28B-C1F34AA9FA32}.Release|Any CPU.ActiveCfg = Release|Any CPU
		{842EED02-EED2-4C28-B28B-C1F34AA9FA32}.Release|Any CPU.Build.0 = Release|Any CPU
	EndGlobalSection
	GlobalSection(SolutionProperties) = preSolution
		HideSolutionNode = FALSE
	EndGlobalSection
	GlobalSection(ExtensibilityGlobals) = postSolution
		SolutionGuid = {4855668C-8BBC-4443-8B89-64D711DA9920}
	EndGlobalSection
EndGlobal
