
Microsoft Visual Studio Solution File, Format Version 12.00
# Visual Studio 15
VisualStudioVersion = 15.0.27428.2015
MinimumVisualStudioVersion = 10.0.40219.1
Project("{FAE04EC0-301F-11D3-BF4B-00C04F79EFBC}") = "Ej0024", "Ej0024\Ej0024.csproj", "{99AB9C53-6A57-443A-BF3F-EC5E30F6EEE4}"
EndProject
Global
	GlobalSection(SolutionConfigurationPlatforms) = preSolution
		Debug|Any CPU = Debug|Any CPU
		Release|Any CPU = Release|Any CPU
	EndGlobalSection
	GlobalSection(ProjectConfigurationPlatforms) = postSolution
		{99AB9C53-6A57-443A-BF3F-EC5E30F6EEE4}.Debug|Any CPU.ActiveCfg = Debug|Any CPU
		{99AB9C53-6A57-443A-BF3F-EC5E30F6EEE4}.Debug|Any CPU.Build.0 = Debug|Any CPU
		{99AB9C53-6A57-443A-BF3F-EC5E30F6EEE4}.Release|Any CPU.ActiveCfg = Release|Any CPU
		{99AB9C53-6A57-443A-BF3F-EC5E30F6EEE4}.Release|Any CPU.Build.0 = Release|Any CPU
	EndGlobalSection
	GlobalSection(SolutionProperties) = preSolution
		HideSolutionNode = FALSE
	EndGlobalSection
	GlobalSection(ExtensibilityGlobals) = postSolution
		SolutionGuid = {AFD77707-06CC-4248-A829-5061F34F623F}
	EndGlobalSection
EndGlobal
