
Microsoft Visual Studio Solution File, Format Version 12.00
# Visual Studio 15
VisualStudioVersion = 15.0.27428.2015
MinimumVisualStudioVersion = 10.0.40219.1
Project("{FAE04EC0-301F-11D3-BF4B-00C04F79EFBC}") = "Ej0030", "Ej0030\Ej0030.csproj", "{682284A1-1356-4741-9341-1ADF0420038F}"
EndProject
Global
	GlobalSection(SolutionConfigurationPlatforms) = preSolution
		Debug|Any CPU = Debug|Any CPU
		Release|Any CPU = Release|Any CPU
	EndGlobalSection
	GlobalSection(ProjectConfigurationPlatforms) = postSolution
		{682284A1-1356-4741-9341-1ADF0420038F}.Debug|Any CPU.ActiveCfg = Debug|Any CPU
		{682284A1-1356-4741-9341-1ADF0420038F}.Debug|Any CPU.Build.0 = Debug|Any CPU
		{682284A1-1356-4741-9341-1ADF0420038F}.Release|Any CPU.ActiveCfg = Release|Any CPU
		{682284A1-1356-4741-9341-1ADF0420038F}.Release|Any CPU.Build.0 = Release|Any CPU
	EndGlobalSection
	GlobalSection(SolutionProperties) = preSolution
		HideSolutionNode = FALSE
	EndGlobalSection
	GlobalSection(ExtensibilityGlobals) = postSolution
		SolutionGuid = {9919CC31-C839-42A6-8A85-EDA6F7AE7ED7}
	EndGlobalSection
EndGlobal
