
Microsoft Visual Studio Solution File, Format Version 12.00
# Visual Studio 15
VisualStudioVersion = 15.0.27428.2015
MinimumVisualStudioVersion = 10.0.40219.1
Project("{FAE04EC0-301F-11D3-BF4B-00C04F79EFBC}") = "EJ0005", "EJ0005\EJ0005.csproj", "{31AFDFBF-9981-43BB-8603-762CBD383F8E}"
EndProject
Global
	GlobalSection(SolutionConfigurationPlatforms) = preSolution
		Debug|Any CPU = Debug|Any CPU
		Release|Any CPU = Release|Any CPU
	EndGlobalSection
	GlobalSection(ProjectConfigurationPlatforms) = postSolution
		{31AFDFBF-9981-43BB-8603-762CBD383F8E}.Debug|Any CPU.ActiveCfg = Debug|Any CPU
		{31AFDFBF-9981-43BB-8603-762CBD383F8E}.Debug|Any CPU.Build.0 = Debug|Any CPU
		{31AFDFBF-9981-43BB-8603-762CBD383F8E}.Release|Any CPU.ActiveCfg = Release|Any CPU
		{31AFDFBF-9981-43BB-8603-762CBD383F8E}.Release|Any CPU.Build.0 = Release|Any CPU
	EndGlobalSection
	GlobalSection(SolutionProperties) = preSolution
		HideSolutionNode = FALSE
	EndGlobalSection
	GlobalSection(ExtensibilityGlobals) = postSolution
		SolutionGuid = {F10B30D9-A0BD-46E4-B1AE-4A55EB7E1C97}
	EndGlobalSection
EndGlobal
