
Microsoft Visual Studio Solution File, Format Version 12.00
# Visual Studio Version 16
VisualStudioVersion = 16.0.32630.194
MinimumVisualStudioVersion = 10.0.40219.1
Project("{FAE04EC0-301F-11D3-BF4B-00C04F79EFBC}") = "Consumir", "Consumir\Consumir.csproj", "{66EDB524-27BD-4A58-A349-CB8251F91A92}"
EndProject
Project("{FAE04EC0-301F-11D3-BF4B-00C04F79EFBC}") = "SinDatos", "SinDatos\SinDatos.csproj", "{C96A9E30-8C5E-4F95-9CCE-4DEDCB468FC5}"
EndProject
Project("{FAE04EC0-301F-11D3-BF4B-00C04F79EFBC}") = "ConUnDato", "ConUnDato\ConUnDato.csproj", "{00BEC8D2-3ED9-45D5-9AA5-900D8609421E}"
EndProject
Project("{FAE04EC0-301F-11D3-BF4B-00C04F79EFBC}") = "ConVariosDatos", "ConVariosDatos\ConVariosDatos.csproj", "{B2468F06-1771-433E-B470-08FA74F23D1E}"
EndProject
Global
	GlobalSection(SolutionConfigurationPlatforms) = preSolution
		Debug|Any CPU = Debug|Any CPU
		Release|Any CPU = Release|Any CPU
	EndGlobalSection
	GlobalSection(ProjectConfigurationPlatforms) = postSolution
		{66EDB524-27BD-4A58-A349-CB8251F91A92}.Debug|Any CPU.ActiveCfg = Debug|Any CPU
		{66EDB524-27BD-4A58-A349-CB8251F91A92}.Debug|Any CPU.Build.0 = Debug|Any CPU
		{66EDB524-27BD-4A58-A349-CB8251F91A92}.Release|Any CPU.ActiveCfg = Release|Any CPU
		{66EDB524-27BD-4A58-A349-CB8251F91A92}.Release|Any CPU.Build.0 = Release|Any CPU
		{C96A9E30-8C5E-4F95-9CCE-4DEDCB468FC5}.Debug|Any CPU.ActiveCfg = Debug|Any CPU
		{C96A9E30-8C5E-4F95-9CCE-4DEDCB468FC5}.Debug|Any CPU.Build.0 = Debug|Any CPU
		{C96A9E30-8C5E-4F95-9CCE-4DEDCB468FC5}.Release|Any CPU.ActiveCfg = Release|Any CPU
		{C96A9E30-8C5E-4F95-9CCE-4DEDCB468FC5}.Release|Any CPU.Build.0 = Release|Any CPU
		{00BEC8D2-3ED9-45D5-9AA5-900D8609421E}.Debug|Any CPU.ActiveCfg = Debug|Any CPU
		{00BEC8D2-3ED9-45D5-9AA5-900D8609421E}.Debug|Any CPU.Build.0 = Debug|Any CPU
		{00BEC8D2-3ED9-45D5-9AA5-900D8609421E}.Release|Any CPU.ActiveCfg = Release|Any CPU
		{00BEC8D2-3ED9-45D5-9AA5-900D8609421E}.Release|Any CPU.Build.0 = Release|Any CPU
		{B2468F06-1771-433E-B470-08FA74F23D1E}.Debug|Any CPU.ActiveCfg = Debug|Any CPU
		{B2468F06-1771-433E-B470-08FA74F23D1E}.Debug|Any CPU.Build.0 = Debug|Any CPU
		{B2468F06-1771-433E-B470-08FA74F23D1E}.Release|Any CPU.ActiveCfg = Release|Any CPU
		{B2468F06-1771-433E-B470-08FA74F23D1E}.Release|Any CPU.Build.0 = Release|Any CPU
	EndGlobalSection
	GlobalSection(SolutionProperties) = preSolution
		HideSolutionNode = FALSE
	EndGlobalSection
	GlobalSection(ExtensibilityGlobals) = postSolution
		SolutionGuid = {97E71AFB-97E7-43CB-B0F8-905968B6AD13}
	EndGlobalSection
EndGlobal
