
Microsoft Visual Studio Solution File, Format Version 12.00
# Visual Studio Version 17
VisualStudioVersion = 17.4.33213.308
MinimumVisualStudioVersion = 10.0.40219.1
Project("{FAE04EC0-301F-11D3-BF4B-00C04F79EFBC}") = "Eventos", "Eventos.csproj", "{427E36D1-E51F-4E15-88CA-70F408A1A322}"
EndProject
Global
	GlobalSection(SolutionConfigurationPlatforms) = preSolution
		Debug|Any CPU = Debug|Any CPU
		Release|Any CPU = Release|Any CPU
	EndGlobalSection
	GlobalSection(ProjectConfigurationPlatforms) = postSolution
		{427E36D1-E51F-4E15-88CA-70F408A1A322}.Debug|Any CPU.ActiveCfg = Debug|Any CPU
		{427E36D1-E51F-4E15-88CA-70F408A1A322}.Debug|Any CPU.Build.0 = Debug|Any CPU
		{427E36D1-E51F-4E15-88CA-70F408A1A322}.Release|Any CPU.ActiveCfg = Release|Any CPU
		{427E36D1-E51F-4E15-88CA-70F408A1A322}.Release|Any CPU.Build.0 = Release|Any CPU
	EndGlobalSection
	GlobalSection(SolutionProperties) = preSolution
		HideSolutionNode = FALSE
	EndGlobalSection
	GlobalSection(ExtensibilityGlobals) = postSolution
		SolutionGuid = {F81A5E39-7DC2-49BC-A244-CD27F88F4D80}
	EndGlobalSection
EndGlobal
