
Microsoft Visual Studio Solution File, Format Version 12.00
# Visual Studio 15
VisualStudioVersion = 15.0.27428.2015
MinimumVisualStudioVersion = 10.0.40219.1
Project("{FAE04EC0-301F-11D3-BF4B-00C04F79EFBC}") = "Ej0025", "Ej0025\Ej0025.csproj", "{BBE68F15-D674-4473-B35F-7E5509616F74}"
EndProject
Global
	GlobalSection(SolutionConfigurationPlatforms) = preSolution
		Debug|Any CPU = Debug|Any CPU
		Release|Any CPU = Release|Any CPU
	EndGlobalSection
	GlobalSection(ProjectConfigurationPlatforms) = postSolution
		{BBE68F15-D674-4473-B35F-7E5509616F74}.Debug|Any CPU.ActiveCfg = Debug|Any CPU
		{BBE68F15-D674-4473-B35F-7E5509616F74}.Debug|Any CPU.Build.0 = Debug|Any CPU
		{BBE68F15-D674-4473-B35F-7E5509616F74}.Release|Any CPU.ActiveCfg = Release|Any CPU
		{BBE68F15-D674-4473-B35F-7E5509616F74}.Release|Any CPU.Build.0 = Release|Any CPU
	EndGlobalSection
	GlobalSection(SolutionProperties) = preSolution
		HideSolutionNode = FALSE
	EndGlobalSection
	GlobalSection(ExtensibilityGlobals) = postSolution
		SolutionGuid = {3D1EB2CA-961F-447F-B728-1F98C852F47B}
	EndGlobalSection
EndGlobal
