
Microsoft Visual Studio Solution File, Format Version 12.00
# Visual Studio 15
VisualStudioVersion = 15.0.27428.2015
MinimumVisualStudioVersion = 10.0.40219.1
Project("{FAE04EC0-301F-11D3-BF4B-00C04F79EFBC}") = "Ej0027", "Ej0027\Ej0027.csproj", "{6CA81EE1-D9E3-447D-8033-840827BC4D53}"
EndProject
Global
	GlobalSection(SolutionConfigurationPlatforms) = preSolution
		Debug|Any CPU = Debug|Any CPU
		Release|Any CPU = Release|Any CPU
	EndGlobalSection
	GlobalSection(ProjectConfigurationPlatforms) = postSolution
		{6CA81EE1-D9E3-447D-8033-840827BC4D53}.Debug|Any CPU.ActiveCfg = Debug|Any CPU
		{6CA81EE1-D9E3-447D-8033-840827BC4D53}.Debug|Any CPU.Build.0 = Debug|Any CPU
		{6CA81EE1-D9E3-447D-8033-840827BC4D53}.Release|Any CPU.ActiveCfg = Release|Any CPU
		{6CA81EE1-D9E3-447D-8033-840827BC4D53}.Release|Any CPU.Build.0 = Release|Any CPU
	EndGlobalSection
	GlobalSection(SolutionProperties) = preSolution
		HideSolutionNode = FALSE
	EndGlobalSection
	GlobalSection(ExtensibilityGlobals) = postSolution
		SolutionGuid = {53CD0074-43A2-4F56-A36D-4A8913B80093}
	EndGlobalSection
EndGlobal
