
Microsoft Visual Studio Solution File, Format Version 12.00
# Visual Studio 15
VisualStudioVersion = 15.0.27428.2015
MinimumVisualStudioVersion = 10.0.40219.1

Project("{FAE04EC0-301F-11D3-BF4B-00C04F79EFBC}") = "Ej0001", "Ej0001.csproj", "{7AFF0FC2-B22B-4BC3-BA08-0721D35BC52B}"
EndProject

Global
	GlobalSection(SolutionConfigurationPlatforms) = preSolution
		Debug|Any CPU = Debug|Any CPU
		Release|Any CPU = Release|Any CPU
	EndGlobalSection
	GlobalSection(ProjectConfigurationPlatforms) = postSolution
		{7AFF0FC2-B22B-4BC3-BA08-0721D35BC52B}.Debug|Any CPU.ActiveCfg = Debug|Any CPU
		{7AFF0FC2-B22B-4BC3-BA08-0721D35BC52B}.Debug|Any CPU.Build.0 = Debug|Any CPU
		{7AFF0FC2-B22B-4BC3-BA08-0721D35BC52B}.Release|Any CPU.ActiveCfg = Release|Any CPU
		{7AFF0FC2-B22B-4BC3-BA08-0721D35BC52B}.Release|Any CPU.Build.0 = Release|Any CPU
	EndGlobalSection
	GlobalSection(SolutionProperties) = preSolution
		HideSolutionNode = FALSE
	EndGlobalSection
	GlobalSection(ExtensibilityGlobals) = postSolution
		SolutionGuid = {9A46BE29-347A-482F-9138-5292F6AF924A}
	EndGlobalSection
EndGlobal
