
Microsoft Visual Studio Solution File, Format Version 12.00
# Visual Studio 15
VisualStudioVersion = 15.0.26430.16
MinimumVisualStudioVersion = 10.0.40219.1
Project("{FAE04EC0-301F-11D3-BF4B-00C04F79EFBC}") = "Ej0017", "Ej0017\Ej0017.csproj", "{91FC1258-6B20-4DC6-A0FA-35837523D7FE}"
EndProject
Global
	GlobalSection(SolutionConfigurationPlatforms) = preSolution
		Debug|Any CPU = Debug|Any CPU
		Release|Any CPU = Release|Any CPU
	EndGlobalSection
	GlobalSection(ProjectConfigurationPlatforms) = postSolution
		{91FC1258-6B20-4DC6-A0FA-35837523D7FE}.Debug|Any CPU.ActiveCfg = Debug|Any CPU
		{91FC1258-6B20-4DC6-A0FA-35837523D7FE}.Debug|Any CPU.Build.0 = Debug|Any CPU
		{91FC1258-6B20-4DC6-A0FA-35837523D7FE}.Release|Any CPU.ActiveCfg = Release|Any CPU
		{91FC1258-6B20-4DC6-A0FA-35837523D7FE}.Release|Any CPU.Build.0 = Release|Any CPU
	EndGlobalSection
	GlobalSection(SolutionProperties) = preSolution
		HideSolutionNode = FALSE
	EndGlobalSection
EndGlobal
