
Microsoft Visual Studio Solution File, Format Version 12.00
# Visual Studio Version 17
VisualStudioVersion = 17.4.33403.182
MinimumVisualStudioVersion = 10.0.40219.1
Project("{FAE04EC0-301F-11D3-BF4B-00C04F79EFBC}") = "Integrador", "Integrador.csproj", "{10120C1C-2C31-4CEE-8830-5B8C9F74D927}"
EndProject
Global
	GlobalSection(SolutionConfigurationPlatforms) = preSolution
		Debug|Any CPU = Debug|Any CPU
		Release|Any CPU = Release|Any CPU
	EndGlobalSection
	GlobalSection(ProjectConfigurationPlatforms) = postSolution
		{10120C1C-2C31-4CEE-8830-5B8C9F74D927}.Debug|Any CPU.ActiveCfg = Debug|Any CPU
		{10120C1C-2C31-4CEE-8830-5B8C9F74D927}.Debug|Any CPU.Build.0 = Debug|Any CPU
		{10120C1C-2C31-4CEE-8830-5B8C9F74D927}.Release|Any CPU.ActiveCfg = Release|Any CPU
		{10120C1C-2C31-4CEE-8830-5B8C9F74D927}.Release|Any CPU.Build.0 = Release|Any CPU
	EndGlobalSection
	GlobalSection(SolutionProperties) = preSolution
		HideSolutionNode = FALSE
	EndGlobalSection
	GlobalSection(ExtensibilityGlobals) = postSolution
		SolutionGuid = {ECE4AFDD-B110-4789-B9B3-CE0839591ABD}
	EndGlobalSection
EndGlobal
