
Microsoft Visual Studio Solution File, Format Version 12.00
# Visual Studio 15
VisualStudioVersion = 15.0.27428.2015
MinimumVisualStudioVersion = 10.0.40219.1
Project("{FAE04EC0-301F-11D3-BF4B-00C04F79EFBC}") = "Ej0003", "Ej0003\Ej0003.csproj", "{D1F441DF-3546-4EA4-A5BD-EB45699AF82D}"
EndProject
Global
	GlobalSection(SolutionConfigurationPlatforms) = preSolution
		Debug|Any CPU = Debug|Any CPU
		Release|Any CPU = Release|Any CPU
	EndGlobalSection
	GlobalSection(ProjectConfigurationPlatforms) = postSolution
		{D1F441DF-3546-4EA4-A5BD-EB45699AF82D}.Debug|Any CPU.ActiveCfg = Debug|Any CPU
		{D1F441DF-3546-4EA4-A5BD-EB45699AF82D}.Debug|Any CPU.Build.0 = Debug|Any CPU
		{D1F441DF-3546-4EA4-A5BD-EB45699AF82D}.Release|Any CPU.ActiveCfg = Release|Any CPU
		{D1F441DF-3546-4EA4-A5BD-EB45699AF82D}.Release|Any CPU.Build.0 = Release|Any CPU
	EndGlobalSection
	GlobalSection(SolutionProperties) = preSolution
		HideSolutionNode = FALSE
	EndGlobalSection
	GlobalSection(ExtensibilityGlobals) = postSolution
		SolutionGuid = {5CD4E08C-C74F-41A0-836F-BAD6205D5528}
	EndGlobalSection
EndGlobal
