
Microsoft Visual Studio Solution File, Format Version 12.00
# Visual Studio 15
VisualStudioVersion = 15.0.27428.2015
MinimumVisualStudioVersion = 10.0.40219.1
Project("{FAE04EC0-301F-11D3-BF4B-00C04F79EFBC}") = "Ej0005", "Ej0005\Ej0005.csproj", "{F347F53F-8E34-4C46-B290-AF07350B5AC2}"
EndProject
Global
	GlobalSection(SolutionConfigurationPlatforms) = preSolution
		Debug|Any CPU = Debug|Any CPU
		Release|Any CPU = Release|Any CPU
	EndGlobalSection
	GlobalSection(ProjectConfigurationPlatforms) = postSolution
		{F347F53F-8E34-4C46-B290-AF07350B5AC2}.Debug|Any CPU.ActiveCfg = Debug|Any CPU
		{F347F53F-8E34-4C46-B290-AF07350B5AC2}.Debug|Any CPU.Build.0 = Debug|Any CPU
		{F347F53F-8E34-4C46-B290-AF07350B5AC2}.Release|Any CPU.ActiveCfg = Release|Any CPU
		{F347F53F-8E34-4C46-B290-AF07350B5AC2}.Release|Any CPU.Build.0 = Release|Any CPU
	EndGlobalSection
	GlobalSection(SolutionProperties) = preSolution
		HideSolutionNode = FALSE
	EndGlobalSection
	GlobalSection(ExtensibilityGlobals) = postSolution
		SolutionGuid = {66D88734-27C3-452C-87ED-75D71EDE510F}
	EndGlobalSection
EndGlobal
